
Microsoft Visual Studio Solution File, Format Version 12.00
# Visual Studio Version 17
VisualStudioVersion = 17.6.33723.286
MinimumVisualStudioVersion = 10.0.40219.1
Project("{FAE04EC0-301F-11D3-BF4B-00C04F79EFBC}") = "Assignment_Katherine_Mulder", "Assignment_Katherine_Mulder\Assignment_Katherine_Mulder.csproj", "{5386B8B1-495C-488E-8A1F-4518A0ADAB9C}"
EndProject
Global
	GlobalSection(SolutionConfigurationPlatforms) = preSolution
		Debug|Any CPU = Debug|Any CPU
		Release|Any CPU = Release|Any CPU
	EndGlobalSection
	GlobalSection(ProjectConfigurationPlatforms) = postSolution
		{5386B8B1-495C-488E-8A1F-4518A0ADAB9C}.Debug|Any CPU.ActiveCfg = Debug|Any CPU
		{5386B8B1-495C-488E-8A1F-4518A0ADAB9C}.Debug|Any CPU.Build.0 = Debug|Any CPU
		{5386B8B1-495C-488E-8A1F-4518A0ADAB9C}.Release|Any CPU.ActiveCfg = Release|Any CPU
		{5386B8B1-495C-488E-8A1F-4518A0ADAB9C}.Release|Any CPU.Build.0 = Release|Any CPU
	EndGlobalSection
	GlobalSection(SolutionProperties) = preSolution
		HideSolutionNode = FALSE
	EndGlobalSection
	GlobalSection(ExtensibilityGlobals) = postSolution
		SolutionGuid = {A6FEBE8E-BE34-461C-AE23-59D5C76CAC15}
	EndGlobalSection
EndGlobal
